// !$*UTF8*$!
{
	archiveVersion = 1;
	classes = {
	};
	objectVersion = 56;
	objects = {

/* Begin PBXBuildFile section */
		1A0000010000000000000001 /* KwaborApp.swift in Sources */ = {isa = PBXBuildFile; fileRef = 1A0000010000000000000002 /* KwaborApp.swift */; };
		1A0000010000000000000003 /* ContentView.swift in Sources */ = {isa = PBXBuildFile; fileRef = 1A0000010000000000000004 /* ContentView.swift */; };
		1A0000010000000000000005 /* Assets.xcassets in Resources */ = {isa = PBXBuildFile; fileRef = 1A0000010000000000000006 /* Assets.xcassets */; };
		1A0000010000000000000007 /* Shared.xcframework in Frameworks */ = {isa = PBXBuildFile; fileRef = 1A0000010000000000000008 /* Shared.xcframework */; };
		1A0000010000000000000028 /* KwaborDesignTokens.swift in Sources */ = {isa = PBXBuildFile; fileRef = 1A0000010000000000000029 /* KwaborDesignTokens.swift */; };
		1A0000010000000000000030 /* RootNavigation.swift in Sources */ = {isa = PBXBuildFile; fileRef = 1A0000010000000000000031 /* RootNavigation.swift */; };
		1A0000010000000000000036 /* PrivacyInfo.xcprivacy in Resources */ = {isa = PBXBuildFile; fileRef = 1A0000010000000000000037 /* PrivacyInfo.xcprivacy */; };
		1A0000010000000000000044 /* FirebaseObservability.swift in Sources */ = {isa = PBXBuildFile; fileRef = 1A0000010000000000000045 /* FirebaseObservability.swift */; };
		1A0000010000000000000047 /* FirebaseAnalyticsCore in Frameworks */ = {isa = PBXBuildFile; productRef = 1A0000010000000000000053 /* FirebaseAnalyticsCore */; };
		1A0000010000000000000048 /* FirebaseCore in Frameworks */ = {isa = PBXBuildFile; productRef = 1A0000010000000000000054 /* FirebaseCore */; };
		1A0000010000000000000049 /* FirebaseCrashlytics in Frameworks */ = {isa = PBXBuildFile; productRef = 1A0000010000000000000055 /* FirebaseCrashlytics */; };
		1A0000010000000000000050 /* FirebasePerformance in Frameworks */ = {isa = PBXBuildFile; productRef = 1A0000010000000000000056 /* FirebasePerformance */; };
		1A0000010000000000000051 /* FirebaseRemoteConfig in Frameworks */ = {isa = PBXBuildFile; productRef = 1A0000010000000000000057 /* FirebaseRemoteConfig */; };
/* End PBXBuildFile section */

/* Begin PBXFileReference section */
		1A0000010000000000000002 /* KwaborApp.swift */ = {isa = PBXFileReference; lastKnownFileType = sourcecode.swift; path = KwaborApp.swift; sourceTree = "<group>"; };
		1A0000010000000000000004 /* ContentView.swift */ = {isa = PBXFileReference; lastKnownFileType = sourcecode.swift; path = ContentView.swift; sourceTree = "<group>"; };
		1A0000010000000000000006 /* Assets.xcassets */ = {isa = PBXFileReference; lastKnownFileType = folder.assetcatalog; path = Assets.xcassets; sourceTree = "<group>"; };
		1A0000010000000000000008 /* Shared.xcframework */ = {isa = PBXFileReference; lastKnownFileType = wrapper.xcframework; name = Shared.xcframework; path = ../shared/build/XCFrameworks/debug/Shared.xcframework; sourceTree = "<group>"; };
		1A0000010000000000000009 /* Kwabor.app */ = {isa = PBXFileReference; explicitFileType = wrapper.application; includeInIndex = 0; path = Kwabor.app; sourceTree = BUILT_PRODUCTS_DIR; };
		1A0000010000000000000029 /* KwaborDesignTokens.swift */ = {isa = PBXFileReference; lastKnownFileType = sourcecode.swift; path = KwaborDesignTokens.swift; sourceTree = "<group>"; };
		1A0000010000000000000031 /* RootNavigation.swift */ = {isa = PBXFileReference; lastKnownFileType = sourcecode.swift; path = RootNavigation.swift; sourceTree = "<group>"; };
		1A0000010000000000000032 /* Info.plist */ = {isa = PBXFileReference; lastKnownFileType = text.plist.xml; path = Info.plist; sourceTree = "<group>"; };
		1A0000010000000000000033 /* Base.xcconfig */ = {isa = PBXFileReference; lastKnownFileType = text.xcconfig; path = Base.xcconfig; sourceTree = "<group>"; };
		1A0000010000000000000034 /* Local.xcconfig.example */ = {isa = PBXFileReference; lastKnownFileType = text.xcconfig; path = Local.xcconfig.example; sourceTree = "<group>"; };
		1A0000010000000000000037 /* PrivacyInfo.xcprivacy */ = {isa = PBXFileReference; lastKnownFileType = text.xml; path = PrivacyInfo.xcprivacy; sourceTree = "<group>"; };
		1A0000010000000000000038 /* Kwabor.entitlements */ = {isa = PBXFileReference; lastKnownFileType = text.plist.entitlements; path = Kwabor.entitlements; sourceTree = "<group>"; };
		1A0000010000000000000039 /* Debug.xcconfig */ = {isa = PBXFileReference; lastKnownFileType = text.xcconfig; path = Debug.xcconfig; sourceTree = "<group>"; };
		1A0000010000000000000040 /* Staging.xcconfig */ = {isa = PBXFileReference; lastKnownFileType = text.xcconfig; path = Staging.xcconfig; sourceTree = "<group>"; };
		1A0000010000000000000041 /* Release.xcconfig */ = {isa = PBXFileReference; lastKnownFileType = text.xcconfig; path = Release.xcconfig; sourceTree = "<group>"; };
		1A0000010000000000000045 /* FirebaseObservability.swift */ = {isa = PBXFileReference; lastKnownFileType = sourcecode.swift; path = FirebaseObservability.swift; sourceTree = "<group>"; };
/* End PBXFileReference section */

/* Begin PBXFrameworksBuildPhase section */
		1A0000010000000000000010 /* Frameworks */ = {
			isa = PBXFrameworksBuildPhase;
			buildActionMask = 2147483647;
			files = (
				1A0000010000000000000007 /* Shared.xcframework in Frameworks */,
				1A0000010000000000000047 /* FirebaseAnalyticsCore in Frameworks */,
				1A0000010000000000000048 /* FirebaseCore in Frameworks */,
				1A0000010000000000000049 /* FirebaseCrashlytics in Frameworks */,
				1A0000010000000000000050 /* FirebasePerformance in Frameworks */,
				1A0000010000000000000051 /* FirebaseRemoteConfig in Frameworks */,
			);
			runOnlyForDeploymentPostprocessing = 0;
		};
/* End PBXFrameworksBuildPhase section */

/* Begin PBXGroup section */
		1A0000010000000000000011 = {
			isa = PBXGroup;
			children = (
				1A0000010000000000000012 /* Kwabor */,
				1A0000010000000000000013 /* Frameworks */,
				1A0000010000000000000014 /* Products */,
			);
			sourceTree = "<group>";
		};
		1A0000010000000000000012 /* Kwabor */ = {
			isa = PBXGroup;
			children = (
				1A0000010000000000000015 /* App */,
				1A0000010000000000000035 /* Config */,
				1A0000010000000000000046 /* Observability */,
				1A0000010000000000000016 /* Resources */,
			);
			path = Kwabor;
			sourceTree = "<group>";
		};
		1A0000010000000000000013 /* Frameworks */ = {
			isa = PBXGroup;
			children = (
				1A0000010000000000000008 /* Shared.xcframework */,
			);
			name = Frameworks;
			sourceTree = "<group>";
		};
		1A0000010000000000000014 /* Products */ = {
			isa = PBXGroup;
			children = (
				1A0000010000000000000009 /* Kwabor.app */,
			);
			name = Products;
			sourceTree = "<group>";
		};
		1A0000010000000000000015 /* App */ = {
			isa = PBXGroup;
			children = (
				1A0000010000000000000002 /* KwaborApp.swift */,
				1A0000010000000000000004 /* ContentView.swift */,
				1A0000010000000000000029 /* KwaborDesignTokens.swift */,
				1A0000010000000000000031 /* RootNavigation.swift */,
			);
			path = App;
			sourceTree = "<group>";
		};
		1A0000010000000000000016 /* Resources */ = {
			isa = PBXGroup;
			children = (
				1A0000010000000000000006 /* Assets.xcassets */,
				1A0000010000000000000032 /* Info.plist */,
				1A0000010000000000000037 /* PrivacyInfo.xcprivacy */,
			);
			path = Resources;
			sourceTree = "<group>";
		};
		1A0000010000000000000035 /* Config */ = {
			isa = PBXGroup;
			children = (
				1A0000010000000000000033 /* Base.xcconfig */,
				1A0000010000000000000039 /* Debug.xcconfig */,
				1A0000010000000000000040 /* Staging.xcconfig */,
				1A0000010000000000000041 /* Release.xcconfig */,
				1A0000010000000000000034 /* Local.xcconfig.example */,
				1A0000010000000000000038 /* Kwabor.entitlements */,
			);
			path = Config;
			sourceTree = "<group>";
		};
		1A0000010000000000000046 /* Observability */ = {
			isa = PBXGroup;
			children = (
				1A0000010000000000000045 /* FirebaseObservability.swift */,
			);
			path = Observability;
			sourceTree = "<group>";
		};
/* End PBXGroup section */

/* Begin PBXNativeTarget section */
		1A0000010000000000000017 /* Kwabor */ = {
			isa = PBXNativeTarget;
			buildConfigurationList = 1A0000010000000000000018 /* Build configuration list for PBXNativeTarget "Kwabor" */;
			buildPhases = (
				1A0000010000000000000020 /* Sources */,
				1A0000010000000000000010 /* Frameworks */,
				1A0000010000000000000021 /* Resources */,
				1A0000010000000000000058 /* Inject Firebase configuration */,
				1A0000010000000000000059 /* Upload Crashlytics symbols */,
			);
			buildRules = (
			);
			dependencies = (
			);
			name = Kwabor;
			packageProductDependencies = (
				1A0000010000000000000053 /* FirebaseAnalyticsCore */,
				1A0000010000000000000054 /* FirebaseCore */,
				1A0000010000000000000055 /* FirebaseCrashlytics */,
				1A0000010000000000000056 /* FirebasePerformance */,
				1A0000010000000000000057 /* FirebaseRemoteConfig */,
			);
			productName = Kwabor;
			productReference = 1A0000010000000000000009 /* Kwabor.app */;
			productType = "com.apple.product-type.application";
		};
/* End PBXNativeTarget section */

/* Begin PBXProject section */
		1A0000010000000000000022 /* Project object */ = {
			isa = PBXProject;
			attributes = {
				BuildIndependentTargetsInParallel = 1;
				LastSwiftUpdateCheck = 1600;
				LastUpgradeCheck = 1600;
				TargetAttributes = {
					1A0000010000000000000017 = {
						CreatedOnToolsVersion = 16.0;
						SystemCapabilities = {
							com.apple.Push = {
								enabled = 1;
							};
							com.apple.SignInWithApple = {
								enabled = 1;
							};
						};
					};
				};
			};
			buildConfigurationList = 1A0000010000000000000023 /* Build configuration list for PBXProject "Kwabor" */;
			compatibilityVersion = "Xcode 14.0";
			developmentRegion = fr;
			hasScannedForEncodings = 0;
			knownRegions = (
				fr,
				en,
				Base,
			);
			mainGroup = 1A0000010000000000000011;
			packageReferences = (
				1A0000010000000000000052 /* XCRemoteSwiftPackageReference "firebase-ios-sdk" */,
			);
			productRefGroup = 1A0000010000000000000014 /* Products */;
			projectDirPath = "";
			projectRoot = "";
			targets = (
				1A0000010000000000000017 /* Kwabor */,
			);
		};
/* End PBXProject section */

/* Begin PBXResourcesBuildPhase section */
		1A0000010000000000000021 /* Resources */ = {
			isa = PBXResourcesBuildPhase;
			buildActionMask = 2147483647;
			files = (
				1A0000010000000000000005 /* Assets.xcassets in Resources */,
				1A0000010000000000000036 /* PrivacyInfo.xcprivacy in Resources */,
			);
			runOnlyForDeploymentPostprocessing = 0;
		};
/* End PBXResourcesBuildPhase section */

/* Begin PBXShellScriptBuildPhase section */
		1A0000010000000000000058 /* Inject Firebase configuration */ = {
			isa = PBXShellScriptBuildPhase;
			alwaysOutOfDate = 1;
			buildActionMask = 2147483647;
			files = (
			);
			inputFileListPaths = (
			);
			inputPaths = (
			);
			name = "Inject Firebase configuration";
			outputFileListPaths = (
			);
			outputPaths = (
			);
			runOnlyForDeploymentPostprocessing = 0;
			shellPath = /bin/sh;
			shellScript = "set -eu\nif [ -z \"${KWABOR_FIREBASE_IOS_CONFIG_PATH:-}\" ]; then\n  exit 0\nfi\nif [ ! -f \"$KWABOR_FIREBASE_IOS_CONFIG_PATH\" ]; then\n  echo \"Firebase iOS configuration file is missing.\" >&2\n  exit 1\nfi\nbundle_id=$(/usr/libexec/PlistBuddy -c 'Print :BUNDLE_ID' \"$KWABOR_FIREBASE_IOS_CONFIG_PATH\")\nproject_id=$(/usr/libexec/PlistBuddy -c 'Print :PROJECT_ID' \"$KWABOR_FIREBASE_IOS_CONFIG_PATH\")\nif [ \"$bundle_id\" != \"$PRODUCT_BUNDLE_IDENTIFIER\" ] || [ -z \"$project_id\" ]; then\n  echo \"Firebase iOS configuration does not match the target bundle.\" >&2\n  exit 1\nfi\ndestination=\"$TARGET_BUILD_DIR/$UNLOCALIZED_RESOURCES_FOLDER_PATH/GoogleService-Info.plist\"\nmkdir -p \"$(dirname \"$destination\")\"\ncp \"$KWABOR_FIREBASE_IOS_CONFIG_PATH\" \"$destination\"\n";
		};
		1A0000010000000000000059 /* Upload Crashlytics symbols */ = {
			isa = PBXShellScriptBuildPhase;
			alwaysOutOfDate = 1;
			buildActionMask = 2147483647;
			files = (
			);
			inputFileListPaths = (
			);
			inputPaths = (
			);
			name = "Upload Crashlytics symbols";
			outputFileListPaths = (
			);
			outputPaths = (
			);
			runOnlyForDeploymentPostprocessing = 0;
			shellPath = /bin/sh;
			shellScript = "set -eu\nconfiguration=\"$TARGET_BUILD_DIR/$UNLOCALIZED_RESOURCES_FOLDER_PATH/GoogleService-Info.plist\"\nif [ ! -f \"$configuration\" ] || [ \"$EFFECTIVE_PLATFORM_NAME\" = \"-iphonesimulator\" ]; then\n  exit 0\nfi\n\"${BUILD_DIR%/Build/*}/SourcePackages/checkouts/firebase-ios-sdk/Crashlytics/run\"\n";
		};
/* End PBXShellScriptBuildPhase section */

/* Begin PBXSourcesBuildPhase section */
		1A0000010000000000000020 /* Sources */ = {
			isa = PBXSourcesBuildPhase;
			buildActionMask = 2147483647;
			files = (
				1A0000010000000000000001 /* KwaborApp.swift in Sources */,
				1A0000010000000000000003 /* ContentView.swift in Sources */,
				1A0000010000000000000044 /* FirebaseObservability.swift in Sources */,
				1A0000010000000000000028 /* KwaborDesignTokens.swift in Sources */,
				1A0000010000000000000030 /* RootNavigation.swift in Sources */,
			);
			runOnlyForDeploymentPostprocessing = 0;
		};
/* End PBXSourcesBuildPhase section */

/* Begin XCRemoteSwiftPackageReference section */
		1A0000010000000000000052 /* XCRemoteSwiftPackageReference "firebase-ios-sdk" */ = {
			isa = XCRemoteSwiftPackageReference;
			repositoryURL = "https://github.com/firebase/firebase-ios-sdk";
			requirement = {
				kind = exactVersion;
				version = 12.16.0;
			};
		};
/* End XCRemoteSwiftPackageReference section */

/* Begin XCSwiftPackageProductDependency section */
		1A0000010000000000000053 /* FirebaseAnalyticsCore */ = {
			isa = XCSwiftPackageProductDependency;
			package = 1A0000010000000000000052 /* XCRemoteSwiftPackageReference "firebase-ios-sdk" */;
			productName = FirebaseAnalyticsCore;
		};
		1A0000010000000000000054 /* FirebaseCore */ = {
			isa = XCSwiftPackageProductDependency;
			package = 1A0000010000000000000052 /* XCRemoteSwiftPackageReference "firebase-ios-sdk" */;
			productName = FirebaseCore;
		};
		1A0000010000000000000055 /* FirebaseCrashlytics */ = {
			isa = XCSwiftPackageProductDependency;
			package = 1A0000010000000000000052 /* XCRemoteSwiftPackageReference "firebase-ios-sdk" */;
			productName = FirebaseCrashlytics;
		};
		1A0000010000000000000056 /* FirebasePerformance */ = {
			isa = XCSwiftPackageProductDependency;
			package = 1A0000010000000000000052 /* XCRemoteSwiftPackageReference "firebase-ios-sdk" */;
			productName = FirebasePerformance;
		};
		1A0000010000000000000057 /* FirebaseRemoteConfig */ = {
			isa = XCSwiftPackageProductDependency;
			package = 1A0000010000000000000052 /* XCRemoteSwiftPackageReference "firebase-ios-sdk" */;
			productName = FirebaseRemoteConfig;
		};
/* End XCSwiftPackageProductDependency section */

/* Begin XCBuildConfiguration section */
		1A0000010000000000000024 /* Debug */ = {
			isa = XCBuildConfiguration;
			buildSettings = {
				ALWAYS_SEARCH_USER_PATHS = NO;
				CLANG_ANALYZER_NONNULL = YES;
				CLANG_ANALYZER_NUMBER_OBJECT_CONVERSION = YES_AGGRESSIVE;
				CLANG_CXX_LANGUAGE_STANDARD = "gnu++20";
				CLANG_ENABLE_MODULES = YES;
				CLANG_ENABLE_OBJC_ARC = YES;
				CLANG_ENABLE_OBJC_WEAK = YES;
				CLANG_WARN_BLOCK_CAPTURE_AUTORELEASING = YES;
				CLANG_WARN_BOOL_CONVERSION = YES;
				CLANG_WARN_COMMA = YES;
				CLANG_WARN_CONSTANT_CONVERSION = YES;
				CLANG_WARN_DEPRECATED_OBJC_IMPLEMENTATIONS = YES;
				CLANG_WARN_DIRECT_OBJC_ISA_USAGE = YES_ERROR;
				CLANG_WARN_DOCUMENTATION_COMMENTS = YES;
				CLANG_WARN_EMPTY_BODY = YES;
				CLANG_WARN_ENUM_CONVERSION = YES;
				CLANG_WARN_INFINITE_RECURSION = YES;
				CLANG_WARN_INT_CONVERSION = YES;
				CLANG_WARN_NON_LITERAL_NULL_CONVERSION = YES;
				CLANG_WARN_OBJC_IMPLICIT_RETAIN_SELF = YES;
				CLANG_WARN_OBJC_LITERAL_CONVERSION = YES;
				CLANG_WARN_OBJC_ROOT_CLASS = YES_ERROR;
				CLANG_WARN_QUOTED_INCLUDE_IN_FRAMEWORK_HEADER = YES;
				CLANG_WARN_RANGE_LOOP_ANALYSIS = YES;
				CLANG_WARN_STRICT_PROTOTYPES = YES;
				CLANG_WARN_SUSPICIOUS_MOVE = YES;
				CLANG_WARN_UNGUARDED_AVAILABILITY = YES_AGGRESSIVE;
				CLANG_WARN_UNREACHABLE_CODE = YES;
				CLANG_WARN__DUPLICATE_METHOD_MATCH = YES;
				COPY_PHASE_STRIP = NO;
				DEBUG_INFORMATION_FORMAT = dwarf;
				ENABLE_STRICT_OBJC_MSGSEND = YES;
				ENABLE_TESTABILITY = YES;
				ENABLE_USER_SCRIPT_SANDBOXING = NO;
				GCC_C_LANGUAGE_STANDARD = gnu17;
				GCC_DYNAMIC_NO_PIC = NO;
				GCC_NO_COMMON_BLOCKS = YES;
				GCC_OPTIMIZATION_LEVEL = 0;
				GCC_PREPROCESSOR_DEFINITIONS = (
					"DEBUG=1",
					"$(inherited)",
				);
				GCC_WARN_64_TO_32_BIT_CONVERSION = YES;
				GCC_WARN_ABOUT_RETURN_TYPE = YES_ERROR;
				GCC_WARN_UNDECLARED_SELECTOR = YES;
				GCC_WARN_UNINITIALIZED_AUTOS = YES_AGGRESSIVE;
				GCC_WARN_UNUSED_FUNCTION = YES;
				GCC_WARN_UNUSED_VARIABLE = YES;
				IPHONEOS_DEPLOYMENT_TARGET = 17.0;
				MTL_ENABLE_DEBUG_INFO = INCLUDE_SOURCE;
				MTL_FAST_MATH = YES;
				ONLY_ACTIVE_ARCH = YES;
				SDKROOT = iphoneos;
				SWIFT_ACTIVE_COMPILATION_CONDITIONS = DEBUG;
				SWIFT_OPTIMIZATION_LEVEL = "-Onone";
			};
			name = Debug;
		};
		1A0000010000000000000025 /* Release */ = {
			isa = XCBuildConfiguration;
			buildSettings = {
				ALWAYS_SEARCH_USER_PATHS = NO;
				CLANG_ANALYZER_NONNULL = YES;
				CLANG_ANALYZER_NUMBER_OBJECT_CONVERSION = YES_AGGRESSIVE;
				CLANG_CXX_LANGUAGE_STANDARD = "gnu++20";
				CLANG_ENABLE_MODULES = YES;
				CLANG_ENABLE_OBJC_ARC = YES;
				CLANG_ENABLE_OBJC_WEAK = YES;
				CLANG_WARN_BLOCK_CAPTURE_AUTORELEASING = YES;
				CLANG_WARN_BOOL_CONVERSION = YES;
				CLANG_WARN_COMMA = YES;
				CLANG_WARN_CONSTANT_CONVERSION = YES;
				CLANG_WARN_DEPRECATED_OBJC_IMPLEMENTATIONS = YES;
				CLANG_WARN_DIRECT_OBJC_ISA_USAGE = YES_ERROR;
				CLANG_WARN_DOCUMENTATION_COMMENTS = YES;
				CLANG_WARN_EMPTY_BODY = YES;
				CLANG_WARN_ENUM_CONVERSION = YES;
				CLANG_WARN_INFINITE_RECURSION = YES;
				CLANG_WARN_INT_CONVERSION = YES;
				CLANG_WARN_NON_LITERAL_NULL_CONVERSION = YES;
				CLANG_WARN_OBJC_IMPLICIT_RETAIN_SELF = YES;
				CLANG_WARN_OBJC_LITERAL_CONVERSION = YES;
				CLANG_WARN_OBJC_ROOT_CLASS = YES_ERROR;
				CLANG_WARN_QUOTED_INCLUDE_IN_FRAMEWORK_HEADER = YES;
				CLANG_WARN_RANGE_LOOP_ANALYSIS = YES;
				CLANG_WARN_STRICT_PROTOTYPES = YES;
				CLANG_WARN_SUSPICIOUS_MOVE = YES;
				CLANG_WARN_UNGUARDED_AVAILABILITY = YES_AGGRESSIVE;
				CLANG_WARN_UNREACHABLE_CODE = YES;
				CLANG_WARN__DUPLICATE_METHOD_MATCH = YES;
				COPY_PHASE_STRIP = NO;
				DEBUG_INFORMATION_FORMAT = "dwarf-with-dsym";
				ENABLE_NS_ASSERTIONS = NO;
				ENABLE_STRICT_OBJC_MSGSEND = YES;
				ENABLE_USER_SCRIPT_SANDBOXING = NO;
				GCC_C_LANGUAGE_STANDARD = gnu17;
				GCC_NO_COMMON_BLOCKS = YES;
				GCC_WARN_64_TO_32_BIT_CONVERSION = YES;
				GCC_WARN_ABOUT_RETURN_TYPE = YES_ERROR;
				GCC_WARN_UNDECLARED_SELECTOR = YES;
				GCC_WARN_UNINITIALIZED_AUTOS = YES_AGGRESSIVE;
				GCC_WARN_UNUSED_FUNCTION = YES;
				GCC_WARN_UNUSED_VARIABLE = YES;
				IPHONEOS_DEPLOYMENT_TARGET = 17.0;
				MTL_ENABLE_DEBUG_INFO = NO;
				MTL_FAST_MATH = YES;
				SDKROOT = iphoneos;
				SWIFT_COMPILATION_MODE = wholemodule;
				VALIDATE_PRODUCT = YES;
			};
			name = Release;
		};
		1A0000010000000000000042 /* Staging */ = {
			isa = XCBuildConfiguration;
			buildSettings = {
				ALWAYS_SEARCH_USER_PATHS = NO;
				CLANG_ANALYZER_NONNULL = YES;
				CLANG_ANALYZER_NUMBER_OBJECT_CONVERSION = YES_AGGRESSIVE;
				CLANG_CXX_LANGUAGE_STANDARD = "gnu++20";
				CLANG_ENABLE_MODULES = YES;
				CLANG_ENABLE_OBJC_ARC = YES;
				CLANG_ENABLE_OBJC_WEAK = YES;
				CLANG_WARN_BLOCK_CAPTURE_AUTORELEASING = YES;
				CLANG_WARN_BOOL_CONVERSION = YES;
				CLANG_WARN_COMMA = YES;
				CLANG_WARN_CONSTANT_CONVERSION = YES;
				CLANG_WARN_DEPRECATED_OBJC_IMPLEMENTATIONS = YES;
				CLANG_WARN_DIRECT_OBJC_ISA_USAGE = YES_ERROR;
				CLANG_WARN_DOCUMENTATION_COMMENTS = YES;
				CLANG_WARN_EMPTY_BODY = YES;
				CLANG_WARN_ENUM_CONVERSION = YES;
				CLANG_WARN_INFINITE_RECURSION = YES;
				CLANG_WARN_INT_CONVERSION = YES;
				CLANG_WARN_NON_LITERAL_NULL_CONVERSION = YES;
				CLANG_WARN_OBJC_IMPLICIT_RETAIN_SELF = YES;
				CLANG_WARN_OBJC_LITERAL_CONVERSION = YES;
				CLANG_WARN_OBJC_ROOT_CLASS = YES_ERROR;
				CLANG_WARN_QUOTED_INCLUDE_IN_FRAMEWORK_HEADER = YES;
				CLANG_WARN_RANGE_LOOP_ANALYSIS = YES;
				CLANG_WARN_STRICT_PROTOTYPES = YES;
				CLANG_WARN_SUSPICIOUS_MOVE = YES;
				CLANG_WARN_UNGUARDED_AVAILABILITY = YES_AGGRESSIVE;
				CLANG_WARN_UNREACHABLE_CODE = YES;
				CLANG_WARN__DUPLICATE_METHOD_MATCH = YES;
				COPY_PHASE_STRIP = NO;
				DEBUG_INFORMATION_FORMAT = "dwarf-with-dsym";
				ENABLE_NS_ASSERTIONS = NO;
				ENABLE_STRICT_OBJC_MSGSEND = YES;
				ENABLE_USER_SCRIPT_SANDBOXING = NO;
				GCC_C_LANGUAGE_STANDARD = gnu17;
				GCC_NO_COMMON_BLOCKS = YES;
				GCC_WARN_64_TO_32_BIT_CONVERSION = YES;
				GCC_WARN_ABOUT_RETURN_TYPE = YES_ERROR;
				GCC_WARN_UNDECLARED_SELECTOR = YES;
				GCC_WARN_UNINITIALIZED_AUTOS = YES_AGGRESSIVE;
				GCC_WARN_UNUSED_FUNCTION = YES;
				GCC_WARN_UNUSED_VARIABLE = YES;
				IPHONEOS_DEPLOYMENT_TARGET = 17.0;
				MTL_ENABLE_DEBUG_INFO = NO;
				MTL_FAST_MATH = YES;
				SDKROOT = iphoneos;
				SWIFT_COMPILATION_MODE = wholemodule;
				VALIDATE_PRODUCT = YES;
			};
			name = Staging;
		};
		1A0000010000000000000026 /* Debug */ = {
			isa = XCBuildConfiguration;
			baseConfigurationReference = 1A0000010000000000000039 /* Debug.xcconfig */;
			buildSettings = {
				ASSETCATALOG_COMPILER_APPICON_NAME = AppIcon;
				CODE_SIGN_ENTITLEMENTS = Kwabor/Config/Kwabor.entitlements;
				CODE_SIGN_STYLE = Automatic;
				CURRENT_PROJECT_VERSION = "$(KWABOR_CURRENT_PROJECT_VERSION)";
				DEVELOPMENT_TEAM = "$(KWABOR_DEVELOPMENT_TEAM)";
				ENABLE_PREVIEWS = YES;
				FRAMEWORK_SEARCH_PATHS = (
					"$(inherited)",
					"$(SRCROOT)/../shared/build/XCFrameworks/$(KWABOR_SHARED_BUILD_TYPE)",
				);
				GENERATE_INFOPLIST_FILE = NO;
				INFOPLIST_FILE = Kwabor/Resources/Info.plist;
				IPHONEOS_DEPLOYMENT_TARGET = 17.0;
				LD_RUNPATH_SEARCH_PATHS = (
					"$(inherited)",
					"@executable_path/Frameworks",
				);
				MARKETING_VERSION = "$(KWABOR_MARKETING_VERSION)";
				PRODUCT_BUNDLE_IDENTIFIER = "$(KWABOR_BUNDLE_IDENTIFIER)";
				PRODUCT_NAME = "$(TARGET_NAME)";
				PROVISIONING_PROFILE_SPECIFIER = "$(KWABOR_PROVISIONING_PROFILE_SPECIFIER)";
				SDKROOT = iphoneos;
				SUPPORTED_PLATFORMS = "iphoneos iphonesimulator";
				SUPPORTS_MACCATALYST = NO;
				SUPPORTS_MAC_DESIGNED_FOR_IPHONE_IPAD = NO;
				SWIFT_EMIT_LOC_STRINGS = YES;
				SWIFT_VERSION = 5.0;
				TARGETED_DEVICE_FAMILY = "1,2";
			};
			name = Debug;
		};
		1A0000010000000000000027 /* Release */ = {
			isa = XCBuildConfiguration;
			baseConfigurationReference = 1A0000010000000000000041 /* Release.xcconfig */;
			buildSettings = {
				ASSETCATALOG_COMPILER_APPICON_NAME = AppIcon;
				CODE_SIGN_ENTITLEMENTS = Kwabor/Config/Kwabor.entitlements;
				CODE_SIGN_STYLE = Automatic;
				CURRENT_PROJECT_VERSION = "$(KWABOR_CURRENT_PROJECT_VERSION)";
				DEVELOPMENT_TEAM = "$(KWABOR_DEVELOPMENT_TEAM)";
				ENABLE_PREVIEWS = NO;
				FRAMEWORK_SEARCH_PATHS = (
					"$(inherited)",
					"$(SRCROOT)/../shared/build/XCFrameworks/$(KWABOR_SHARED_BUILD_TYPE)",
				);
				GENERATE_INFOPLIST_FILE = NO;
				INFOPLIST_FILE = Kwabor/Resources/Info.plist;
				IPHONEOS_DEPLOYMENT_TARGET = 17.0;
				LD_RUNPATH_SEARCH_PATHS = (
					"$(inherited)",
					"@executable_path/Frameworks",
				);
				MARKETING_VERSION = "$(KWABOR_MARKETING_VERSION)";
				PRODUCT_BUNDLE_IDENTIFIER = "$(KWABOR_BUNDLE_IDENTIFIER)";
				PRODUCT_NAME = "$(TARGET_NAME)";
				PROVISIONING_PROFILE_SPECIFIER = "$(KWABOR_PROVISIONING_PROFILE_SPECIFIER)";
				SDKROOT = iphoneos;
				SUPPORTED_PLATFORMS = "iphoneos iphonesimulator";
				SUPPORTS_MACCATALYST = NO;
				SUPPORTS_MAC_DESIGNED_FOR_IPHONE_IPAD = NO;
				SWIFT_EMIT_LOC_STRINGS = YES;
				SWIFT_VERSION = 5.0;
				TARGETED_DEVICE_FAMILY = "1,2";
			};
			name = Release;
		};
		1A0000010000000000000043 /* Staging */ = {
			isa = XCBuildConfiguration;
			baseConfigurationReference = 1A0000010000000000000040 /* Staging.xcconfig */;
			buildSettings = {
				ASSETCATALOG_COMPILER_APPICON_NAME = AppIcon;
				CODE_SIGN_ENTITLEMENTS = Kwabor/Config/Kwabor.entitlements;
				CODE_SIGN_STYLE = Automatic;
				CURRENT_PROJECT_VERSION = "$(KWABOR_CURRENT_PROJECT_VERSION)";
				DEVELOPMENT_TEAM = "$(KWABOR_DEVELOPMENT_TEAM)";
				ENABLE_PREVIEWS = NO;
				FRAMEWORK_SEARCH_PATHS = (
					"$(inherited)",
					"$(SRCROOT)/../shared/build/XCFrameworks/$(KWABOR_SHARED_BUILD_TYPE)",
				);
				GENERATE_INFOPLIST_FILE = NO;
				INFOPLIST_FILE = Kwabor/Resources/Info.plist;
				IPHONEOS_DEPLOYMENT_TARGET = 17.0;
				LD_RUNPATH_SEARCH_PATHS = (
					"$(inherited)",
					"@executable_path/Frameworks",
				);
				MARKETING_VERSION = "$(KWABOR_MARKETING_VERSION)";
				PRODUCT_BUNDLE_IDENTIFIER = "$(KWABOR_BUNDLE_IDENTIFIER)";
				PRODUCT_NAME = "$(TARGET_NAME)";
				PROVISIONING_PROFILE_SPECIFIER = "$(KWABOR_PROVISIONING_PROFILE_SPECIFIER)";
				SDKROOT = iphoneos;
				SUPPORTED_PLATFORMS = "iphoneos iphonesimulator";
				SUPPORTS_MACCATALYST = NO;
				SUPPORTS_MAC_DESIGNED_FOR_IPHONE_IPAD = NO;
				SWIFT_EMIT_LOC_STRINGS = YES;
				SWIFT_VERSION = 5.0;
				TARGETED_DEVICE_FAMILY = "1,2";
			};
			name = Staging;
		};
/* End XCBuildConfiguration section */

/* Begin XCConfigurationList section */
		1A0000010000000000000023 /* Build configuration list for PBXProject "Kwabor" */ = {
			isa = XCConfigurationList;
			buildConfigurations = (
				1A0000010000000000000024 /* Debug */,
				1A0000010000000000000042 /* Staging */,
				1A0000010000000000000025 /* Release */,
			);
			defaultConfigurationIsVisible = 0;
			defaultConfigurationName = Release;
		};
		1A0000010000000000000018 /* Build configuration list for PBXNativeTarget "Kwabor" */ = {
			isa = XCConfigurationList;
			buildConfigurations = (
				1A0000010000000000000026 /* Debug */,
				1A0000010000000000000043 /* Staging */,
				1A0000010000000000000027 /* Release */,
			);
			defaultConfigurationIsVisible = 0;
			defaultConfigurationName = Release;
		};
/* End XCConfigurationList section */
	};
	rootObject = 1A0000010000000000000022 /* Project object */;
}
